<?xml version="1.0" encoding="utf-8"?>
<Project ToolsVersion="4.0" xmlns="http://schemas.microsoft.com/developer/msbuild/2003">
  <ItemGroup>
    <Filter Include="소스 파일">
      <UniqueIdentifier>{4FC737F1-C7A5-4376-A066-2A32D752A2FF}</UniqueIdentifier>
      <Extensions>cpp;c;cc;cxx;def;odl;idl;hpj;bat;asm;asmx</Extensions>
    </Filter>
    <Filter Include="Container">
      <UniqueIdentifier>{2f14ef3b-354d-438f-a9bc-024d6b1fa5e3}</UniqueIdentifier>
    </Filter>
    <Filter Include="Variable">
      <UniqueIdentifier>{90b3c2e1-00e8-40a3-9a66-08d13deefe11}</UniqueIdentifier>
    </Filter>
    <Filter Include="Process">
      <UniqueIdentifier>{e08b81cc-6bda-4354-b5ca-1d6004ddf054}</UniqueIdentifier>
    </Filter>
    <Filter Include="Process\Singleton">
      <UniqueIdentifier>{e5ebea7a-6e90-4df3-bbd5-1d37de3c16fc}</UniqueIdentifier>
    </Filter>
    <Filter Include="Process\XML">
      <UniqueIdentifier>{cd23787e-1a92-4b16-974a-47209993e523}</UniqueIdentifier>
    </Filter>
    <Filter Include="Process\Thread">
      <UniqueIdentifier>{8093c761-db93-4485-8396-dac0e3d9e108}</UniqueIdentifier>
    </Filter>
    <Filter Include="Utility">
      <UniqueIdentifier>{ff267067-3dfd-4c91-8d1e-119b8d0c3571}</UniqueIdentifier>
    </Filter>
    <Filter Include="Log">
      <UniqueIdentifier>{41112e5e-cc16-48d6-bac0-bb2fbbe0aff4}</UniqueIdentifier>
    </Filter>
    <Filter Include="Process\Format">
      <UniqueIdentifier>{20120385-41c5-489f-b2e4-356f9c1f5d6b}</UniqueIdentifier>
    </Filter>
    <Filter Include="DBSQLite3">
      <UniqueIdentifier>{ac006ed6-69e4-4327-b37a-3e06e266ce3f}</UniqueIdentifier>
    </Filter>
    <Filter Include="main">
      <UniqueIdentifier>{c55c6dcd-081c-44ed-86ec-c4c0b5e90ad9}</UniqueIdentifier>
    </Filter>
    <Filter Include="Process\IO">
      <UniqueIdentifier>{abdefa7a-1fc7-4b00-bc35-37d26101b174}</UniqueIdentifier>
    </Filter>
  </ItemGroup>
  <ItemGroup>
    <ClInclude Include="ComplexLinkedList.h">
      <Filter>Container</Filter>
    </ClInclude>
    <ClInclude Include="ComplexSingleton.h">
      <Filter>Process\Singleton</Filter>
    </ClInclude>
    <ClInclude Include="framework.h">
      <Filter>소스 파일</Filter>
    </ClInclude>
    <ClInclude Include="pch.h">
      <Filter>소스 파일</Filter>
    </ClInclude>
    <ClInclude Include="ComplexVector.h">
      <Filter>Container</Filter>
    </ClInclude>
    <ClInclude Include="ComplexMap.h">
      <Filter>Container</Filter>
    </ClInclude>
    <ClInclude Include="ComplexIterator.h">
      <Filter>Container</Filter>
    </ClInclude>
    <ClInclude Include="ComplexQueue.h">
      <Filter>Container</Filter>
    </ClInclude>
    <ClInclude Include="ComplexStack.h">
      <Filter>Container</Filter>
    </ClInclude>
    <ClInclude Include="ComplexNode.h">
      <Filter>Container</Filter>
    </ClInclude>
    <ClInclude Include="ComplexString.h">
      <Filter>Variable</Filter>
    </ClInclude>
    <ClInclude Include="ComplexVariant.h">
      <Filter>Variable</Filter>
    </ClInclude>
    <ClInclude Include="ComplexXMLParsor.h">
      <Filter>Process\XML</Filter>
    </ClInclude>
    <ClInclude Include="ComplexXMLNode.h">
      <Filter>Process\XML</Filter>
    </ClInclude>
    <ClInclude Include="ComplexXMLHandler.h">
      <Filter>Process\XML</Filter>
    </ClInclude>
    <ClInclude Include="ComplexThread.h">
      <Filter>Process\Thread</Filter>
    </ClInclude>
    <ClInclude Include="ComplexLock.h">
      <Filter>Process\Thread</Filter>
    </ClInclude>
    <ClInclude Include="ComplexUtility.h">
      <Filter>Utility</Filter>
    </ClInclude>
    <ClInclude Include="ComplexTime.h">
      <Filter>Utility</Filter>
    </ClInclude>
    <ClInclude Include="ComplexDatabase.h">
      <Filter>DBSQLite3</Filter>
    </ClInclude>
    <ClInclude Include="sqlite3.h">
      <Filter>DBSQLite3</Filter>
    </ClInclude>
    <ClInclude Include="sqlite3ext.h">
      <Filter>DBSQLite3</Filter>
    </ClInclude>
    <ClInclude Include="ComplexLog.h">
      <Filter>Log</Filter>
    </ClInclude>
    <ClInclude Include="ComplexPool.h">
      <Filter>Container</Filter>
    </ClInclude>
    <ClInclude Include="ComplexConnectionPool.h">
      <Filter>DBSQLite3</Filter>
    </ClInclude>
    <ClInclude Include="ComplexCondition.h">
      <Filter>Process\Thread</Filter>
    </ClInclude>
    <ClInclude Include="ComplexUniqueQueue.h">
      <Filter>Container</Filter>
    </ClInclude>
    <ClInclude Include="ComplexFormat.h">
      <Filter>Process\Format</Filter>
    </ClInclude>
    <ClInclude Include="ComplexRandom.h">
      <Filter>Utility</Filter>
    </ClInclude>
    <ClInclude Include="ComplexSet.h">
      <Filter>Container</Filter>
    </ClInclude>
    <ClInclude Include="ComplexStringTokenizer.h">
      <Filter>Utility</Filter>
    </ClInclude>
    <ClInclude Include="ComplexPrint.h">
      <Filter>Utility</Filter>
    </ClInclude>
    <ClInclude Include="ComplexLibrary.h">
      <Filter>main</Filter>
    </ClInclude>
    <ClInclude Include="ComplexSystem.h">
      <Filter>main</Filter>
    </ClInclude>
    <ClInclude Include="ComplexCollection.h">
      <Filter>main</Filter>
    </ClInclude>
    <ClInclude Include="ComplexScanner.h">
      <Filter>Utility</Filter>
    </ClInclude>
    <ClInclude Include="ComplexConvert.h">
      <Filter>Utility</Filter>
    </ClInclude>
    <ClInclude Include="ComplexIn.h">
      <Filter>Process\IO</Filter>
    </ClInclude>
    <ClInclude Include="ComplexOut.h">
      <Filter>Process\IO</Filter>
    </ClInclude>
    <ClInclude Include="ComplexFile.h">
      <Filter>Process\IO</Filter>
    </ClInclude>
    <ClInclude Include="ComplexArrayList.h">
      <Filter>Container</Filter>
    </ClInclude>
  </ItemGroup>
  <ItemGroup>
    <ClCompile Include="ComplexLibrary.cpp">
      <Filter>소스 파일</Filter>
    </ClCompile>
    <ClCompile Include="pch.cpp">
      <Filter>소스 파일</Filter>
    </ClCompile>
    <ClCompile Include="sqlite3.c">
      <Filter>DBSQLite3</Filter>
    </ClCompile>
  </ItemGroup>
  <ItemGroup>
    <None Include="sqlite3.def">
      <Filter>DBSQLite3</Filter>
    </None>
  </ItemGroup>
</Project>